
Microsoft Visual Studio Solution File, Format Version 12.00
# Visual Studio Version 16
VisualStudioVersion = 16.0.31019.35
MinimumVisualStudioVersion = 10.0.40219.1
Project("{9A19103F-16F7-4668-BE54-9A1E7A4F7556}") = "Investimento.Cliente.Custodia.Domain", "Investimento.Cliente.Custodia.Domain\Investimento.Cliente.Custodia.Domain.csproj", "{564A8AB5-8415-4D4C-8762-DCFBE867D08B}"
EndProject
Project("{9A19103F-16F7-4668-BE54-9A1E7A4F7556}") = "Investimento.Cliente.Custodia.Infrastructure", "Investimento.Cliente.Custodia.Infrastructure\Investimento.Cliente.Custodia.Infrastructure.csproj", "{A0CC67B6-6371-49BD-8492-9C499F5F9FEA}"
EndProject
Project("{9A19103F-16F7-4668-BE54-9A1E7A4F7556}") = "Investimento.Cliente.Custodia", "Investimento.Cliente.Custodia\Investimento.Cliente.Custodia.csproj", "{053A063B-D5BB-4AAB-83EF-DA694BB851DD}"
EndProject
Project("{9A19103F-16F7-4668-BE54-9A1E7A4F7556}") = "Investimento.Cliente.Custodia.Test", "Investimento.Cliente.Custodia.Test\Investimento.Cliente.Custodia.Test.csproj", "{FE7A595E-6974-4BFD-A0B3-408C19576B1C}"
EndProject
Global
	GlobalSection(SolutionConfigurationPlatforms) = preSolution
		Debug|Any CPU = Debug|Any CPU
		Release|Any CPU = Release|Any CPU
	EndGlobalSection
	GlobalSection(ProjectConfigurationPlatforms) = postSolution
		{564A8AB5-8415-4D4C-8762-DCFBE867D08B}.Debug|Any CPU.ActiveCfg = Debug|Any CPU
		{564A8AB5-8415-4D4C-8762-DCFBE867D08B}.Debug|Any CPU.Build.0 = Debug|Any CPU
		{564A8AB5-8415-4D4C-8762-DCFBE867D08B}.Release|Any CPU.ActiveCfg = Release|Any CPU
		{564A8AB5-8415-4D4C-8762-DCFBE867D08B}.Release|Any CPU.Build.0 = Release|Any CPU
		{A0CC67B6-6371-49BD-8492-9C499F5F9FEA}.Debug|Any CPU.ActiveCfg = Debug|Any CPU
		{A0CC67B6-6371-49BD-8492-9C499F5F9FEA}.Debug|Any CPU.Build.0 = Debug|Any CPU
		{A0CC67B6-6371-49BD-8492-9C499F5F9FEA}.Release|Any CPU.ActiveCfg = Release|Any CPU
		{A0CC67B6-6371-49BD-8492-9C499F5F9FEA}.Release|Any CPU.Build.0 = Release|Any CPU
		{053A063B-D5BB-4AAB-83EF-DA694BB851DD}.Debug|Any CPU.ActiveCfg = Debug|Any CPU
		{053A063B-D5BB-4AAB-83EF-DA694BB851DD}.Debug|Any CPU.Build.0 = Debug|Any CPU
		{053A063B-D5BB-4AAB-83EF-DA694BB851DD}.Release|Any CPU.ActiveCfg = Release|Any CPU
		{053A063B-D5BB-4AAB-83EF-DA694BB851DD}.Release|Any CPU.Build.0 = Release|Any CPU
		{FE7A595E-6974-4BFD-A0B3-408C19576B1C}.Debug|Any CPU.ActiveCfg = Debug|Any CPU
		{FE7A595E-6974-4BFD-A0B3-408C19576B1C}.Debug|Any CPU.Build.0 = Debug|Any CPU
		{FE7A595E-6974-4BFD-A0B3-408C19576B1C}.Release|Any CPU.ActiveCfg = Release|Any CPU
		{FE7A595E-6974-4BFD-A0B3-408C19576B1C}.Release|Any CPU.Build.0 = Release|Any CPU
	EndGlobalSection
	GlobalSection(SolutionProperties) = preSolution
		HideSolutionNode = FALSE
	EndGlobalSection
	GlobalSection(ExtensibilityGlobals) = postSolution
		SolutionGuid = {A3489A99-A0C9-45B1-AE26-93719567F930}
	EndGlobalSection
EndGlobal
